
Microsoft Visual Studio Solution File, Format Version 12.00
# Visual Studio 15
VisualStudioVersion = 15.0.33801.198
MinimumVisualStudioVersion = 10.0.40219.1
Project("{F184B08F-C81C-45F6-A57F-5ABD9991F28F}") = "Generative-AB", "Generative-AB\Generative-AB.vbproj", "{69C4BD22-844C-4C2D-BCE1-3DC942324749}"
EndProject
Global
	GlobalSection(SolutionConfigurationPlatforms) = preSolution
		Debug|Any CPU = Debug|Any CPU
		Release|Any CPU = Release|Any CPU
	EndGlobalSection
	GlobalSection(ProjectConfigurationPlatforms) = postSolution
		{69C4BD22-844C-4C2D-BCE1-3DC942324749}.Debug|Any CPU.ActiveCfg = Debug|Any CPU
		{69C4BD22-844C-4C2D-BCE1-3DC942324749}.Debug|Any CPU.Build.0 = Debug|Any CPU
		{69C4BD22-844C-4C2D-BCE1-3DC942324749}.Release|Any CPU.ActiveCfg = Release|Any CPU
		{69C4BD22-844C-4C2D-BCE1-3DC942324749}.Release|Any CPU.Build.0 = Release|Any CPU
	EndGlobalSection
	GlobalSection(SolutionProperties) = preSolution
		HideSolutionNode = FALSE
	EndGlobalSection
	GlobalSection(ExtensibilityGlobals) = postSolution
		SolutionGuid = {A7CF6BC1-976E-4764-8D7F-A6A6FF2695CC}
	EndGlobalSection
EndGlobal
